
Microsoft Visual Studio Solution File, Format Version 12.00
# Visual Studio Version 17
VisualStudioVersion = 17.0.31903.59
MinimumVisualStudioVersion = 10.0.40219.1
Project("{FAE04EC0-301F-11D3-BF4B-00C04F79EFBC}") = "ExemploFundamentos", "ExemploFundamentos\ExemploFundamentos.csproj", "{DCA716F2-DC04-4A4C-BA68-D4CF5AC2C9A9}"
EndProject
Project("{FAE04EC0-301F-11D3-BF4B-00C04F79EFBC}") = "ExemploFundamentos.Common", "ExemploFundamentos.Common\ExemploFundamentos.Common.csproj", "{C10E9F8A-DB8B-45DD-BB11-54E582B9AA9F}"
EndProject
Global
	GlobalSection(SolutionConfigurationPlatforms) = preSolution
		Debug|Any CPU = Debug|Any CPU
		Release|Any CPU = Release|Any CPU
	EndGlobalSection
	GlobalSection(SolutionProperties) = preSolution
		HideSolutionNode = FALSE
	EndGlobalSection
	GlobalSection(ProjectConfigurationPlatforms) = postSolution
		{DCA716F2-DC04-4A4C-BA68-D4CF5AC2C9A9}.Debug|Any CPU.ActiveCfg = Debug|Any CPU
		{DCA716F2-DC04-4A4C-BA68-D4CF5AC2C9A9}.Debug|Any CPU.Build.0 = Debug|Any CPU
		{DCA716F2-DC04-4A4C-BA68-D4CF5AC2C9A9}.Release|Any CPU.ActiveCfg = Release|Any CPU
		{DCA716F2-DC04-4A4C-BA68-D4CF5AC2C9A9}.Release|Any CPU.Build.0 = Release|Any CPU
		{C10E9F8A-DB8B-45DD-BB11-54E582B9AA9F}.Debug|Any CPU.ActiveCfg = Debug|Any CPU
		{C10E9F8A-DB8B-45DD-BB11-54E582B9AA9F}.Debug|Any CPU.Build.0 = Debug|Any CPU
		{C10E9F8A-DB8B-45DD-BB11-54E582B9AA9F}.Release|Any CPU.ActiveCfg = Release|Any CPU
		{C10E9F8A-DB8B-45DD-BB11-54E582B9AA9F}.Release|Any CPU.Build.0 = Release|Any CPU
	EndGlobalSection
EndGlobal
